
Microsoft Visual Studio Solution File, Format Version 12.00
# Visual Studio 14
VisualStudioVersion = 14.0.25420.1
MinimumVisualStudioVersion = 10.0.40219.1
Project("{FAE04EC0-301F-11D3-BF4B-00C04F79EFBC}") = "RuneApp", "RuneApp\RuneApp.csproj", "{6F171B77-CB43-4C73-BFD0-3D7A0CD37013}"
EndProject
Project("{FAE04EC0-301F-11D3-BF4B-00C04F79EFBC}") = "RuneClasses", "RuneClasses\RuneClasses.csproj", "{8CDB42ED-C6F7-4915-9A10-6161ECA4ADC6}"
EndProject
Project("{2150E333-8FDC-42A3-9474-1A3956D46DE8}") = "Solution Items", "Solution Items", "{AFF0A253-11D3-46AD-8AB0-B8E42D374890}"
	ProjectSection(SolutionItems) = preProject
		Performance1.psess = Performance1.psess
	EndProjectSection
EndProject
Project("{FAE04EC0-301F-11D3-BF4B-00C04F79EFBC}") = "RuneClassesTests", "RuneClassesTests\RuneClassesTests.csproj", "{CDD463D7-E57D-4EEB-BCBE-8569F1A724E3}"
EndProject
Project("{8BC9CEB8-8B4A-11D0-8D11-00A0C91BC942}") = "RuneLib", "RuneLib\RuneLib.vcxproj", "{6579027C-1DC0-4782-99F2-2BCEBEBD2643}"
EndProject
Project("{8BC9CEB8-8B4A-11D0-8D11-00A0C91BC942}") = "RuneSlave", "RuneSlave\RuneSlave.vcxproj", "{DB3FD8A4-74EC-4711-8096-60DFD85CC92A}"
EndProject
Project("{8BC9CEB8-8B4A-11D0-8D11-00A0C91BC942}") = "RuneLibTest", "RuneLibTest\RuneLibTest.vcxproj", "{D9559CEF-E2E3-4828-B4BF-B5FB37FC2832}"
EndProject
Project("{FAE04EC0-301F-11D3-BF4B-00C04F79EFBC}") = "RuneService", "RuneService\RuneService.csproj", "{9FF6A552-2BE2-42BA-88D7-420B240AF45F}"
EndProject
Project("{FAE04EC0-301F-11D3-BF4B-00C04F79EFBC}") = "RunePlugin", "RunePlugin\RunePlugin.csproj", "{FA95CAC9-AD93-4CFA-B3D9-0674BE156D5A}"
EndProject
Project("{FAE04EC0-301F-11D3-BF4B-00C04F79EFBC}") = "SWarFarmUpdater", "SWarFarmUpdater\SWarFarmUpdater.csproj", "{426BCDC3-40D3-49B3-887F-93C3E66725E3}"
EndProject
Project("{FAE04EC0-301F-11D3-BF4B-00C04F79EFBC}") = "OptimizeFriendsPlugin", "plugins\OptimizeFriendsPlugin\OptimizeFriendsPlugin.csproj", "{802CC26E-4E90-47AD-811E-B3B9BD85D491}"
EndProject
Project("{2150E333-8FDC-42A3-9474-1A3956D46DE8}") = "Plugins", "Plugins", "{E39972EE-6A6A-4908-B169-EB0EF27B8E95}"
EndProject
Project("{FAE04EC0-301F-11D3-BF4B-00C04F79EFBC}") = "OptimizerJsonPlugin", "plugins\OptimizerJsonPlugin\OptimizerJsonPlugin.csproj", "{40E09ADD-4833-40A2-A46E-59ADB38925B8}"
EndProject
Project("{FAE04EC0-301F-11D3-BF4B-00C04F79EFBC}") = "RiftTrackerPlugin", "plugins\RiftTrackerPlugin\RiftTrackerPlugin.csproj", "{23EB26EE-CF11-48CC-9C18-C70AB92D4D22}"
EndProject
Project("{FAE04EC0-301F-11D3-BF4B-00C04F79EFBC}") = "RuneManagerBridge", "plugins\RuneManagerBridge\RuneManagerBridge.csproj", "{79E42937-E848-4EFF-AA3B-BAB3BAFF5F0C}"
EndProject
Project("{FAE04EC0-301F-11D3-BF4B-00C04F79EFBC}") = "SwarfarmExportPlugin", "plugins\SwarfarmExportPlugin\SwarfarmExportPlugin.csproj", "{FF7E218A-B0C4-48D9-A62F-F8D0681DF663}"
EndProject
Project("{FAE04EC0-301F-11D3-BF4B-00C04F79EFBC}") = "SwarfarmLogger", "plugins\SwarfarmLogger\SwarfarmLogger.csproj", "{D270F2BE-26F9-4D6D-A91E-4E0B87D2BBCB}"
EndProject
Project("{FAE04EC0-301F-11D3-BF4B-00C04F79EFBC}") = "SwagLogger", "plugins\SwagLogger\SwagLogger.csproj", "{B19BB288-149C-48E7-BC93-653DCD3AA67E}"
EndProject
Project("{FAE04EC0-301F-11D3-BF4B-00C04F79EFBC}") = "TrotiNet.Lib", "RuneService\TrotiNet\Lib\TrotiNet.Lib.csproj", "{7FEDA61E-ED0A-4357-932E-746C697E464E}"
EndProject
Global
	GlobalSection(SolutionConfigurationPlatforms) = preSolution
		Debug|Any CPU = Debug|Any CPU
		Debug|x64 = Debug|x64
		Debug|x86 = Debug|x86
		Release|Any CPU = Release|Any CPU
		Release|x64 = Release|x64
		Release|x86 = Release|x86
	EndGlobalSection
	GlobalSection(ProjectConfigurationPlatforms) = postSolution
		{6F171B77-CB43-4C73-BFD0-3D7A0CD37013}.Debug|Any CPU.ActiveCfg = Debug|Any CPU
		{6F171B77-CB43-4C73-BFD0-3D7A0CD37013}.Debug|Any CPU.Build.0 = Debug|Any CPU
		{6F171B77-CB43-4C73-BFD0-3D7A0CD37013}.Debug|x64.ActiveCfg = Debug|Any CPU
		{6F171B77-CB43-4C73-BFD0-3D7A0CD37013}.Debug|x64.Build.0 = Debug|Any CPU
		{6F171B77-CB43-4C73-BFD0-3D7A0CD37013}.Debug|x86.ActiveCfg = Debug|Any CPU
		{6F171B77-CB43-4C73-BFD0-3D7A0CD37013}.Debug|x86.Build.0 = Debug|Any CPU
		{6F171B77-CB43-4C73-BFD0-3D7A0CD37013}.Release|Any CPU.ActiveCfg = Release|Any CPU
		{6F171B77-CB43-4C73-BFD0-3D7A0CD37013}.Release|Any CPU.Build.0 = Release|Any CPU
		{6F171B77-CB43-4C73-BFD0-3D7A0CD37013}.Release|x64.ActiveCfg = Release|Any CPU
		{6F171B77-CB43-4C73-BFD0-3D7A0CD37013}.Release|x64.Build.0 = Release|Any CPU
		{6F171B77-CB43-4C73-BFD0-3D7A0CD37013}.Release|x86.ActiveCfg = Release|Any CPU
		{6F171B77-CB43-4C73-BFD0-3D7A0CD37013}.Release|x86.Build.0 = Release|Any CPU
		{8CDB42ED-C6F7-4915-9A10-6161ECA4ADC6}.Debug|Any CPU.ActiveCfg = Debug|Any CPU
		{8CDB42ED-C6F7-4915-9A10-6161ECA4ADC6}.Debug|Any CPU.Build.0 = Debug|Any CPU
		{8CDB42ED-C6F7-4915-9A10-6161ECA4ADC6}.Debug|x64.ActiveCfg = Debug|Any CPU
		{8CDB42ED-C6F7-4915-9A10-6161ECA4ADC6}.Debug|x64.Build.0 = Debug|Any CPU
		{8CDB42ED-C6F7-4915-9A10-6161ECA4ADC6}.Debug|x86.ActiveCfg = Debug|Any CPU
		{8CDB42ED-C6F7-4915-9A10-6161ECA4ADC6}.Debug|x86.Build.0 = Debug|Any CPU
		{8CDB42ED-C6F7-4915-9A10-6161ECA4ADC6}.Release|Any CPU.ActiveCfg = Release|Any CPU
		{8CDB42ED-C6F7-4915-9A10-6161ECA4ADC6}.Release|Any CPU.Build.0 = Release|Any CPU
		{8CDB42ED-C6F7-4915-9A10-6161ECA4ADC6}.Release|x64.ActiveCfg = Release|Any CPU
		{8CDB42ED-C6F7-4915-9A10-6161ECA4ADC6}.Release|x64.Build.0 = Release|Any CPU
		{8CDB42ED-C6F7-4915-9A10-6161ECA4ADC6}.Release|x86.ActiveCfg = Release|Any CPU
		{8CDB42ED-C6F7-4915-9A10-6161ECA4ADC6}.Release|x86.Build.0 = Release|Any CPU
		{CDD463D7-E57D-4EEB-BCBE-8569F1A724E3}.Debug|Any CPU.ActiveCfg = Debug|Any CPU
		{CDD463D7-E57D-4EEB-BCBE-8569F1A724E3}.Debug|Any CPU.Build.0 = Debug|Any CPU
		{CDD463D7-E57D-4EEB-BCBE-8569F1A724E3}.Debug|x64.ActiveCfg = Debug|Any CPU
		{CDD463D7-E57D-4EEB-BCBE-8569F1A724E3}.Debug|x64.Build.0 = Debug|Any CPU
		{CDD463D7-E57D-4EEB-BCBE-8569F1A724E3}.Debug|x86.ActiveCfg = Debug|Any CPU
		{CDD463D7-E57D-4EEB-BCBE-8569F1A724E3}.Debug|x86.Build.0 = Debug|Any CPU
		{CDD463D7-E57D-4EEB-BCBE-8569F1A724E3}.Release|Any CPU.ActiveCfg = Release|Any CPU
		{CDD463D7-E57D-4EEB-BCBE-8569F1A724E3}.Release|Any CPU.Build.0 = Release|Any CPU
		{CDD463D7-E57D-4EEB-BCBE-8569F1A724E3}.Release|x64.ActiveCfg = Release|Any CPU
		{CDD463D7-E57D-4EEB-BCBE-8569F1A724E3}.Release|x64.Build.0 = Release|Any CPU
		{CDD463D7-E57D-4EEB-BCBE-8569F1A724E3}.Release|x86.ActiveCfg = Release|Any CPU
		{CDD463D7-E57D-4EEB-BCBE-8569F1A724E3}.Release|x86.Build.0 = Release|Any CPU
		{6579027C-1DC0-4782-99F2-2BCEBEBD2643}.Debug|Any CPU.ActiveCfg = Debug|Win32
		{6579027C-1DC0-4782-99F2-2BCEBEBD2643}.Debug|Any CPU.Build.0 = Debug|Win32
		{6579027C-1DC0-4782-99F2-2BCEBEBD2643}.Debug|x64.ActiveCfg = Debug|x64
		{6579027C-1DC0-4782-99F2-2BCEBEBD2643}.Debug|x64.Build.0 = Debug|x64
		{6579027C-1DC0-4782-99F2-2BCEBEBD2643}.Debug|x86.ActiveCfg = Debug|Win32
		{6579027C-1DC0-4782-99F2-2BCEBEBD2643}.Debug|x86.Build.0 = Debug|Win32
		{6579027C-1DC0-4782-99F2-2BCEBEBD2643}.Release|Any CPU.ActiveCfg = Release|Win32
		{6579027C-1DC0-4782-99F2-2BCEBEBD2643}.Release|Any CPU.Build.0 = Release|Win32
		{6579027C-1DC0-4782-99F2-2BCEBEBD2643}.Release|x64.ActiveCfg = Release|x64
		{6579027C-1DC0-4782-99F2-2BCEBEBD2643}.Release|x64.Build.0 = Release|x64
		{6579027C-1DC0-4782-99F2-2BCEBEBD2643}.Release|x86.ActiveCfg = Release|Win32
		{6579027C-1DC0-4782-99F2-2BCEBEBD2643}.Release|x86.Build.0 = Release|Win32
		{DB3FD8A4-74EC-4711-8096-60DFD85CC92A}.Debug|Any CPU.ActiveCfg = Debug|Win32
		{DB3FD8A4-74EC-4711-8096-60DFD85CC92A}.Debug|Any CPU.Build.0 = Debug|Win32
		{DB3FD8A4-74EC-4711-8096-60DFD85CC92A}.Debug|x64.ActiveCfg = Debug|x64
		{DB3FD8A4-74EC-4711-8096-60DFD85CC92A}.Debug|x64.Build.0 = Debug|x64
		{DB3FD8A4-74EC-4711-8096-60DFD85CC92A}.Debug|x86.ActiveCfg = Debug|Win32
		{DB3FD8A4-74EC-4711-8096-60DFD85CC92A}.Debug|x86.Build.0 = Debug|Win32
		{DB3FD8A4-74EC-4711-8096-60DFD85CC92A}.Release|Any CPU.ActiveCfg = Release|Win32
		{DB3FD8A4-74EC-4711-8096-60DFD85CC92A}.Release|Any CPU.Build.0 = Release|Win32
		{DB3FD8A4-74EC-4711-8096-60DFD85CC92A}.Release|x64.ActiveCfg = Release|x64
		{DB3FD8A4-74EC-4711-8096-60DFD85CC92A}.Release|x64.Build.0 = Release|x64
		{DB3FD8A4-74EC-4711-8096-60DFD85CC92A}.Release|x86.ActiveCfg = Release|Win32
		{DB3FD8A4-74EC-4711-8096-60DFD85CC92A}.Release|x86.Build.0 = Release|Win32
		{D9559CEF-E2E3-4828-B4BF-B5FB37FC2832}.Debug|Any CPU.ActiveCfg = Debug|Win32
		{D9559CEF-E2E3-4828-B4BF-B5FB37FC2832}.Debug|Any CPU.Build.0 = Debug|Win32
		{D9559CEF-E2E3-4828-B4BF-B5FB37FC2832}.Debug|x64.ActiveCfg = Debug|x64
		{D9559CEF-E2E3-4828-B4BF-B5FB37FC2832}.Debug|x64.Build.0 = Debug|x64
		{D9559CEF-E2E3-4828-B4BF-B5FB37FC2832}.Debug|x86.ActiveCfg = Debug|Win32
		{D9559CEF-E2E3-4828-B4BF-B5FB37FC2832}.Debug|x86.Build.0 = Debug|Win32
		{D9559CEF-E2E3-4828-B4BF-B5FB37FC2832}.Release|Any CPU.ActiveCfg = Release|Win32
		{D9559CEF-E2E3-4828-B4BF-B5FB37FC2832}.Release|Any CPU.Build.0 = Release|Win32
		{D9559CEF-E2E3-4828-B4BF-B5FB37FC2832}.Release|x64.ActiveCfg = Release|x64
		{D9559CEF-E2E3-4828-B4BF-B5FB37FC2832}.Release|x64.Build.0 = Release|x64
		{D9559CEF-E2E3-4828-B4BF-B5FB37FC2832}.Release|x86.ActiveCfg = Release|Win32
		{D9559CEF-E2E3-4828-B4BF-B5FB37FC2832}.Release|x86.Build.0 = Release|Win32
		{9FF6A552-2BE2-42BA-88D7-420B240AF45F}.Debug|Any CPU.ActiveCfg = Debug|Any CPU
		{9FF6A552-2BE2-42BA-88D7-420B240AF45F}.Debug|Any CPU.Build.0 = Debug|Any CPU
		{9FF6A552-2BE2-42BA-88D7-420B240AF45F}.Debug|x64.ActiveCfg = Debug|Any CPU
		{9FF6A552-2BE2-42BA-88D7-420B240AF45F}.Debug|x64.Build.0 = Debug|Any CPU
		{9FF6A552-2BE2-42BA-88D7-420B240AF45F}.Debug|x86.ActiveCfg = Debug|Any CPU
		{9FF6A552-2BE2-42BA-88D7-420B240AF45F}.Debug|x86.Build.0 = Debug|Any CPU
		{9FF6A552-2BE2-42BA-88D7-420B240AF45F}.Release|Any CPU.ActiveCfg = Release|Any CPU
		{9FF6A552-2BE2-42BA-88D7-420B240AF45F}.Release|Any CPU.Build.0 = Release|Any CPU
		{9FF6A552-2BE2-42BA-88D7-420B240AF45F}.Release|x64.ActiveCfg = Release|Any CPU
		{9FF6A552-2BE2-42BA-88D7-420B240AF45F}.Release|x64.Build.0 = Release|Any CPU
		{9FF6A552-2BE2-42BA-88D7-420B240AF45F}.Release|x86.ActiveCfg = Release|Any CPU
		{9FF6A552-2BE2-42BA-88D7-420B240AF45F}.Release|x86.Build.0 = Release|Any CPU
		{FA95CAC9-AD93-4CFA-B3D9-0674BE156D5A}.Debug|Any CPU.ActiveCfg = Debug|Any CPU
		{FA95CAC9-AD93-4CFA-B3D9-0674BE156D5A}.Debug|Any CPU.Build.0 = Debug|Any CPU
		{FA95CAC9-AD93-4CFA-B3D9-0674BE156D5A}.Debug|x64.ActiveCfg = Debug|Any CPU
		{FA95CAC9-AD93-4CFA-B3D9-0674BE156D5A}.Debug|x64.Build.0 = Debug|Any CPU
		{FA95CAC9-AD93-4CFA-B3D9-0674BE156D5A}.Debug|x86.ActiveCfg = Debug|Any CPU
		{FA95CAC9-AD93-4CFA-B3D9-0674BE156D5A}.Debug|x86.Build.0 = Debug|Any CPU
		{FA95CAC9-AD93-4CFA-B3D9-0674BE156D5A}.Release|Any CPU.ActiveCfg = Release|Any CPU
		{FA95CAC9-AD93-4CFA-B3D9-0674BE156D5A}.Release|Any CPU.Build.0 = Release|Any CPU
		{FA95CAC9-AD93-4CFA-B3D9-0674BE156D5A}.Release|x64.ActiveCfg = Release|Any CPU
		{FA95CAC9-AD93-4CFA-B3D9-0674BE156D5A}.Release|x64.Build.0 = Release|Any CPU
		{FA95CAC9-AD93-4CFA-B3D9-0674BE156D5A}.Release|x86.ActiveCfg = Release|Any CPU
		{FA95CAC9-AD93-4CFA-B3D9-0674BE156D5A}.Release|x86.Build.0 = Release|Any CPU
		{426BCDC3-40D3-49B3-887F-93C3E66725E3}.Debug|Any CPU.ActiveCfg = Debug|Any CPU
		{426BCDC3-40D3-49B3-887F-93C3E66725E3}.Debug|Any CPU.Build.0 = Debug|Any CPU
		{426BCDC3-40D3-49B3-887F-93C3E66725E3}.Debug|x64.ActiveCfg = Debug|Any CPU
		{426BCDC3-40D3-49B3-887F-93C3E66725E3}.Debug|x86.ActiveCfg = Debug|Any CPU
		{426BCDC3-40D3-49B3-887F-93C3E66725E3}.Release|Any CPU.ActiveCfg = Release|Any CPU
		{426BCDC3-40D3-49B3-887F-93C3E66725E3}.Release|Any CPU.Build.0 = Release|Any CPU
		{426BCDC3-40D3-49B3-887F-93C3E66725E3}.Release|x64.ActiveCfg = Release|Any CPU
		{426BCDC3-40D3-49B3-887F-93C3E66725E3}.Release|x86.ActiveCfg = Release|Any CPU
		{802CC26E-4E90-47AD-811E-B3B9BD85D491}.Debug|Any CPU.ActiveCfg = Debug|Any CPU
		{802CC26E-4E90-47AD-811E-B3B9BD85D491}.Debug|Any CPU.Build.0 = Debug|Any CPU
		{802CC26E-4E90-47AD-811E-B3B9BD85D491}.Debug|x64.ActiveCfg = Debug|Any CPU
		{802CC26E-4E90-47AD-811E-B3B9BD85D491}.Debug|x64.Build.0 = Debug|Any CPU
		{802CC26E-4E90-47AD-811E-B3B9BD85D491}.Debug|x86.ActiveCfg = Debug|Any CPU
		{802CC26E-4E90-47AD-811E-B3B9BD85D491}.Debug|x86.Build.0 = Debug|Any CPU
		{802CC26E-4E90-47AD-811E-B3B9BD85D491}.Release|Any CPU.ActiveCfg = Release|Any CPU
		{802CC26E-4E90-47AD-811E-B3B9BD85D491}.Release|Any CPU.Build.0 = Release|Any CPU
		{802CC26E-4E90-47AD-811E-B3B9BD85D491}.Release|x64.ActiveCfg = Release|Any CPU
		{802CC26E-4E90-47AD-811E-B3B9BD85D491}.Release|x64.Build.0 = Release|Any CPU
		{802CC26E-4E90-47AD-811E-B3B9BD85D491}.Release|x86.ActiveCfg = Release|Any CPU
		{802CC26E-4E90-47AD-811E-B3B9BD85D491}.Release|x86.Build.0 = Release|Any CPU
		{40E09ADD-4833-40A2-A46E-59ADB38925B8}.Debug|Any CPU.ActiveCfg = Debug|Any CPU
		{40E09ADD-4833-40A2-A46E-59ADB38925B8}.Debug|Any CPU.Build.0 = Debug|Any CPU
		{40E09ADD-4833-40A2-A46E-59ADB38925B8}.Debug|x64.ActiveCfg = Debug|Any CPU
		{40E09ADD-4833-40A2-A46E-59ADB38925B8}.Debug|x64.Build.0 = Debug|Any CPU
		{40E09ADD-4833-40A2-A46E-59ADB38925B8}.Debug|x86.ActiveCfg = Debug|Any CPU
		{40E09ADD-4833-40A2-A46E-59ADB38925B8}.Debug|x86.Build.0 = Debug|Any CPU
		{40E09ADD-4833-40A2-A46E-59ADB38925B8}.Release|Any CPU.ActiveCfg = Release|Any CPU
		{40E09ADD-4833-40A2-A46E-59ADB38925B8}.Release|Any CPU.Build.0 = Release|Any CPU
		{40E09ADD-4833-40A2-A46E-59ADB38925B8}.Release|x64.ActiveCfg = Release|Any CPU
		{40E09ADD-4833-40A2-A46E-59ADB38925B8}.Release|x64.Build.0 = Release|Any CPU
		{40E09ADD-4833-40A2-A46E-59ADB38925B8}.Release|x86.ActiveCfg = Release|Any CPU
		{40E09ADD-4833-40A2-A46E-59ADB38925B8}.Release|x86.Build.0 = Release|Any CPU
		{23EB26EE-CF11-48CC-9C18-C70AB92D4D22}.Debug|Any CPU.ActiveCfg = Debug|Any CPU
		{23EB26EE-CF11-48CC-9C18-C70AB92D4D22}.Debug|Any CPU.Build.0 = Debug|Any CPU
		{23EB26EE-CF11-48CC-9C18-C70AB92D4D22}.Debug|x64.ActiveCfg = Debug|Any CPU
		{23EB26EE-CF11-48CC-9C18-C70AB92D4D22}.Debug|x64.Build.0 = Debug|Any CPU
		{23EB26EE-CF11-48CC-9C18-C70AB92D4D22}.Debug|x86.ActiveCfg = Debug|Any CPU
		{23EB26EE-CF11-48CC-9C18-C70AB92D4D22}.Debug|x86.Build.0 = Debug|Any CPU
		{23EB26EE-CF11-48CC-9C18-C70AB92D4D22}.Release|Any CPU.ActiveCfg = Release|Any CPU
		{23EB26EE-CF11-48CC-9C18-C70AB92D4D22}.Release|Any CPU.Build.0 = Release|Any CPU
		{23EB26EE-CF11-48CC-9C18-C70AB92D4D22}.Release|x64.ActiveCfg = Release|Any CPU
		{23EB26EE-CF11-48CC-9C18-C70AB92D4D22}.Release|x64.Build.0 = Release|Any CPU
		{23EB26EE-CF11-48CC-9C18-C70AB92D4D22}.Release|x86.ActiveCfg = Release|Any CPU
		{23EB26EE-CF11-48CC-9C18-C70AB92D4D22}.Release|x86.Build.0 = Release|Any CPU
		{79E42937-E848-4EFF-AA3B-BAB3BAFF5F0C}.Debug|Any CPU.ActiveCfg = Debug|Any CPU
		{79E42937-E848-4EFF-AA3B-BAB3BAFF5F0C}.Debug|Any CPU.Build.0 = Debug|Any CPU
		{79E42937-E848-4EFF-AA3B-BAB3BAFF5F0C}.Debug|x64.ActiveCfg = Debug|Any CPU
		{79E42937-E848-4EFF-AA3B-BAB3BAFF5F0C}.Debug|x64.Build.0 = Debug|Any CPU
		{79E42937-E848-4EFF-AA3B-BAB3BAFF5F0C}.Debug|x86.ActiveCfg = Debug|Any CPU
		{79E42937-E848-4EFF-AA3B-BAB3BAFF5F0C}.Debug|x86.Build.0 = Debug|Any CPU
		{79E42937-E848-4EFF-AA3B-BAB3BAFF5F0C}.Release|Any CPU.ActiveCfg = Release|Any CPU
		{79E42937-E848-4EFF-AA3B-BAB3BAFF5F0C}.Release|Any CPU.Build.0 = Release|Any CPU
		{79E42937-E848-4EFF-AA3B-BAB3BAFF5F0C}.Release|x64.ActiveCfg = Release|Any CPU
		{79E42937-E848-4EFF-AA3B-BAB3BAFF5F0C}.Release|x64.Build.0 = Release|Any CPU
		{79E42937-E848-4EFF-AA3B-BAB3BAFF5F0C}.Release|x86.ActiveCfg = Release|Any CPU
		{79E42937-E848-4EFF-AA3B-BAB3BAFF5F0C}.Release|x86.Build.0 = Release|Any CPU
		{FF7E218A-B0C4-48D9-A62F-F8D0681DF663}.Debug|Any CPU.ActiveCfg = Debug|Any CPU
		{FF7E218A-B0C4-48D9-A62F-F8D0681DF663}.Debug|Any CPU.Build.0 = Debug|Any CPU
		{FF7E218A-B0C4-48D9-A62F-F8D0681DF663}.Debug|x64.ActiveCfg = Debug|Any CPU
		{FF7E218A-B0C4-48D9-A62F-F8D0681DF663}.Debug|x64.Build.0 = Debug|Any CPU
		{FF7E218A-B0C4-48D9-A62F-F8D0681DF663}.Debug|x86.ActiveCfg = Debug|Any CPU
		{FF7E218A-B0C4-48D9-A62F-F8D0681DF663}.Debug|x86.Build.0 = Debug|Any CPU
		{FF7E218A-B0C4-48D9-A62F-F8D0681DF663}.Release|Any CPU.ActiveCfg = Release|Any CPU
		{FF7E218A-B0C4-48D9-A62F-F8D0681DF663}.Release|Any CPU.Build.0 = Release|Any CPU
		{FF7E218A-B0C4-48D9-A62F-F8D0681DF663}.Release|x64.ActiveCfg = Release|Any CPU
		{FF7E218A-B0C4-48D9-A62F-F8D0681DF663}.Release|x64.Build.0 = Release|Any CPU
		{FF7E218A-B0C4-48D9-A62F-F8D0681DF663}.Release|x86.ActiveCfg = Release|Any CPU
		{FF7E218A-B0C4-48D9-A62F-F8D0681DF663}.Release|x86.Build.0 = Release|Any CPU
		{D270F2BE-26F9-4D6D-A91E-4E0B87D2BBCB}.Debug|Any CPU.ActiveCfg = Debug|Any CPU
		{D270F2BE-26F9-4D6D-A91E-4E0B87D2BBCB}.Debug|Any CPU.Build.0 = Debug|Any CPU
		{D270F2BE-26F9-4D6D-A91E-4E0B87D2BBCB}.Debug|x64.ActiveCfg = Debug|Any CPU
		{D270F2BE-26F9-4D6D-A91E-4E0B87D2BBCB}.Debug|x64.Build.0 = Debug|Any CPU
		{D270F2BE-26F9-4D6D-A91E-4E0B87D2BBCB}.Debug|x86.ActiveCfg = Debug|Any CPU
		{D270F2BE-26F9-4D6D-A91E-4E0B87D2BBCB}.Debug|x86.Build.0 = Debug|Any CPU
		{D270F2BE-26F9-4D6D-A91E-4E0B87D2BBCB}.Release|Any CPU.ActiveCfg = Release|Any CPU
		{D270F2BE-26F9-4D6D-A91E-4E0B87D2BBCB}.Release|Any CPU.Build.0 = Release|Any CPU
		{D270F2BE-26F9-4D6D-A91E-4E0B87D2BBCB}.Release|x64.ActiveCfg = Release|Any CPU
		{D270F2BE-26F9-4D6D-A91E-4E0B87D2BBCB}.Release|x64.Build.0 = Release|Any CPU
		{D270F2BE-26F9-4D6D-A91E-4E0B87D2BBCB}.Release|x86.ActiveCfg = Release|Any CPU
		{D270F2BE-26F9-4D6D-A91E-4E0B87D2BBCB}.Release|x86.Build.0 = Release|Any CPU
		{B19BB288-149C-48E7-BC93-653DCD3AA67E}.Debug|Any CPU.ActiveCfg = Debug|Any CPU
		{B19BB288-149C-48E7-BC93-653DCD3AA67E}.Debug|Any CPU.Build.0 = Debug|Any CPU
		{B19BB288-149C-48E7-BC93-653DCD3AA67E}.Debug|x64.ActiveCfg = Debug|Any CPU
		{B19BB288-149C-48E7-BC93-653DCD3AA67E}.Debug|x64.Build.0 = Debug|Any CPU
		{B19BB288-149C-48E7-BC93-653DCD3AA67E}.Debug|x86.ActiveCfg = Debug|Any CPU
		{B19BB288-149C-48E7-BC93-653DCD3AA67E}.Debug|x86.Build.0 = Debug|Any CPU
		{B19BB288-149C-48E7-BC93-653DCD3AA67E}.Release|Any CPU.ActiveCfg = Release|Any CPU
		{B19BB288-149C-48E7-BC93-653DCD3AA67E}.Release|Any CPU.Build.0 = Release|Any CPU
		{B19BB288-149C-48E7-BC93-653DCD3AA67E}.Release|x64.ActiveCfg = Release|Any CPU
		{B19BB288-149C-48E7-BC93-653DCD3AA67E}.Release|x64.Build.0 = Release|Any CPU
		{B19BB288-149C-48E7-BC93-653DCD3AA67E}.Release|x86.ActiveCfg = Release|Any CPU
		{B19BB288-149C-48E7-BC93-653DCD3AA67E}.Release|x86.Build.0 = Release|Any CPU
		{7FEDA61E-ED0A-4357-932E-746C697E464E}.Debug|Any CPU.ActiveCfg = Debug|Any CPU
		{7FEDA61E-ED0A-4357-932E-746C697E464E}.Debug|Any CPU.Build.0 = Debug|Any CPU
		{7FEDA61E-ED0A-4357-932E-746C697E464E}.Debug|x64.ActiveCfg = Debug|Any CPU
		{7FEDA61E-ED0A-4357-932E-746C697E464E}.Debug|x64.Build.0 = Debug|Any CPU
		{7FEDA61E-ED0A-4357-932E-746C697E464E}.Debug|x86.ActiveCfg = Debug|x86
		{7FEDA61E-ED0A-4357-932E-746C697E464E}.Debug|x86.Build.0 = Debug|x86
		{7FEDA61E-ED0A-4357-932E-746C697E464E}.Release|Any CPU.ActiveCfg = Release|Any CPU
		{7FEDA61E-ED0A-4357-932E-746C697E464E}.Release|Any CPU.Build.0 = Release|Any CPU
		{7FEDA61E-ED0A-4357-932E-746C697E464E}.Release|x64.ActiveCfg = Release|Any CPU
		{7FEDA61E-ED0A-4357-932E-746C697E464E}.Release|x64.Build.0 = Release|Any CPU
		{7FEDA61E-ED0A-4357-932E-746C697E464E}.Release|x86.ActiveCfg = Release|x86
		{7FEDA61E-ED0A-4357-932E-746C697E464E}.Release|x86.Build.0 = Release|x86
	EndGlobalSection
	GlobalSection(SolutionProperties) = preSolution
		HideSolutionNode = FALSE
	EndGlobalSection
	GlobalSection(NestedProjects) = preSolution
		{802CC26E-4E90-47AD-811E-B3B9BD85D491} = {E39972EE-6A6A-4908-B169-EB0EF27B8E95}
		{40E09ADD-4833-40A2-A46E-59ADB38925B8} = {E39972EE-6A6A-4908-B169-EB0EF27B8E95}
		{23EB26EE-CF11-48CC-9C18-C70AB92D4D22} = {E39972EE-6A6A-4908-B169-EB0EF27B8E95}
		{79E42937-E848-4EFF-AA3B-BAB3BAFF5F0C} = {E39972EE-6A6A-4908-B169-EB0EF27B8E95}
		{FF7E218A-B0C4-48D9-A62F-F8D0681DF663} = {E39972EE-6A6A-4908-B169-EB0EF27B8E95}
		{D270F2BE-26F9-4D6D-A91E-4E0B87D2BBCB} = {E39972EE-6A6A-4908-B169-EB0EF27B8E95}
		{B19BB288-149C-48E7-BC93-653DCD3AA67E} = {E39972EE-6A6A-4908-B169-EB0EF27B8E95}
	EndGlobalSection
EndGlobal
