
Microsoft Visual Studio Solution File, Format Version 12.00
# Visual Studio 14
VisualStudioVersion = 14.0.24720.0
MinimumVisualStudioVersion = 10.0.40219.1
Project("{FAE04EC0-301F-11D3-BF4B-00C04F79EFBC}") = "RuneApp", "RuneApp\RuneApp.csproj", "{6F171B77-CB43-4C73-BFD0-3D7A0CD37013}"
EndProject
Project("{FAE04EC0-301F-11D3-BF4B-00C04F79EFBC}") = "RuneClasses", "RuneClasses\RuneClasses.csproj", "{8CDB42ED-C6F7-4915-9A10-6161ECA4ADC6}"
EndProject
Project("{2150E333-8FDC-42A3-9474-1A3956D46DE8}") = "Solution Items", "Solution Items", "{AFF0A253-11D3-46AD-8AB0-B8E42D374890}"
	ProjectSection(SolutionItems) = preProject
		Performance1.psess = Performance1.psess
	EndProjectSection
EndProject
Project("{FAE04EC0-301F-11D3-BF4B-00C04F79EFBC}") = "RuneClassesTests", "RuneClassesTests\RuneClassesTests.csproj", "{CDD463D7-E57D-4EEB-BCBE-8569F1A724E3}"
EndProject
Project("{8BC9CEB8-8B4A-11D0-8D11-00A0C91BC942}") = "RuneLib", "RuneLib\RuneLib.vcxproj", "{6579027C-1DC0-4782-99F2-2BCEBEBD2643}"
EndProject
Project("{8BC9CEB8-8B4A-11D0-8D11-00A0C91BC942}") = "RuneSlave", "RuneSlave\RuneSlave.vcxproj", "{DB3FD8A4-74EC-4711-8096-60DFD85CC92A}"
EndProject
Project("{8BC9CEB8-8B4A-11D0-8D11-00A0C91BC942}") = "RuneLibTest", "RuneLibTest\RuneLibTest.vcxproj", "{D9559CEF-E2E3-4828-B4BF-B5FB37FC2832}"
EndProject
Global
	GlobalSection(Performance) = preSolution
		HasPerformanceSessions = true
	EndGlobalSection
	GlobalSection(SolutionConfigurationPlatforms) = preSolution
		Debug|Any CPU = Debug|Any CPU
		Debug|x64 = Debug|x64
		Debug|x86 = Debug|x86
		Release|Any CPU = Release|Any CPU
		Release|x64 = Release|x64
		Release|x86 = Release|x86
	EndGlobalSection
	GlobalSection(ProjectConfigurationPlatforms) = postSolution
		{6F171B77-CB43-4C73-BFD0-3D7A0CD37013}.Debug|Any CPU.ActiveCfg = Debug|Any CPU
		{6F171B77-CB43-4C73-BFD0-3D7A0CD37013}.Debug|Any CPU.Build.0 = Debug|Any CPU
		{6F171B77-CB43-4C73-BFD0-3D7A0CD37013}.Debug|x64.ActiveCfg = Debug|Any CPU
		{6F171B77-CB43-4C73-BFD0-3D7A0CD37013}.Debug|x64.Build.0 = Debug|Any CPU
		{6F171B77-CB43-4C73-BFD0-3D7A0CD37013}.Debug|x86.ActiveCfg = Debug|Any CPU
		{6F171B77-CB43-4C73-BFD0-3D7A0CD37013}.Debug|x86.Build.0 = Debug|Any CPU
		{6F171B77-CB43-4C73-BFD0-3D7A0CD37013}.Release|Any CPU.ActiveCfg = Release|Any CPU
		{6F171B77-CB43-4C73-BFD0-3D7A0CD37013}.Release|Any CPU.Build.0 = Release|Any CPU
		{6F171B77-CB43-4C73-BFD0-3D7A0CD37013}.Release|x64.ActiveCfg = Release|Any CPU
		{6F171B77-CB43-4C73-BFD0-3D7A0CD37013}.Release|x64.Build.0 = Release|Any CPU
		{6F171B77-CB43-4C73-BFD0-3D7A0CD37013}.Release|x86.ActiveCfg = Release|Any CPU
		{6F171B77-CB43-4C73-BFD0-3D7A0CD37013}.Release|x86.Build.0 = Release|Any CPU
		{8CDB42ED-C6F7-4915-9A10-6161ECA4ADC6}.Debug|Any CPU.ActiveCfg = Debug|Any CPU
		{8CDB42ED-C6F7-4915-9A10-6161ECA4ADC6}.Debug|Any CPU.Build.0 = Debug|Any CPU
		{8CDB42ED-C6F7-4915-9A10-6161ECA4ADC6}.Debug|x64.ActiveCfg = Debug|Any CPU
		{8CDB42ED-C6F7-4915-9A10-6161ECA4ADC6}.Debug|x64.Build.0 = Debug|Any CPU
		{8CDB42ED-C6F7-4915-9A10-6161ECA4ADC6}.Debug|x86.ActiveCfg = Debug|Any CPU
		{8CDB42ED-C6F7-4915-9A10-6161ECA4ADC6}.Debug|x86.Build.0 = Debug|Any CPU
		{8CDB42ED-C6F7-4915-9A10-6161ECA4ADC6}.Release|Any CPU.ActiveCfg = Release|Any CPU
		{8CDB42ED-C6F7-4915-9A10-6161ECA4ADC6}.Release|Any CPU.Build.0 = Release|Any CPU
		{8CDB42ED-C6F7-4915-9A10-6161ECA4ADC6}.Release|x64.ActiveCfg = Release|Any CPU
		{8CDB42ED-C6F7-4915-9A10-6161ECA4ADC6}.Release|x64.Build.0 = Release|Any CPU
		{8CDB42ED-C6F7-4915-9A10-6161ECA4ADC6}.Release|x86.ActiveCfg = Release|Any CPU
		{8CDB42ED-C6F7-4915-9A10-6161ECA4ADC6}.Release|x86.Build.0 = Release|Any CPU
		{CDD463D7-E57D-4EEB-BCBE-8569F1A724E3}.Debug|Any CPU.ActiveCfg = Debug|Any CPU
		{CDD463D7-E57D-4EEB-BCBE-8569F1A724E3}.Debug|Any CPU.Build.0 = Debug|Any CPU
		{CDD463D7-E57D-4EEB-BCBE-8569F1A724E3}.Debug|x64.ActiveCfg = Debug|Any CPU
		{CDD463D7-E57D-4EEB-BCBE-8569F1A724E3}.Debug|x64.Build.0 = Debug|Any CPU
		{CDD463D7-E57D-4EEB-BCBE-8569F1A724E3}.Debug|x86.ActiveCfg = Debug|Any CPU
		{CDD463D7-E57D-4EEB-BCBE-8569F1A724E3}.Debug|x86.Build.0 = Debug|Any CPU
		{CDD463D7-E57D-4EEB-BCBE-8569F1A724E3}.Release|Any CPU.ActiveCfg = Release|Any CPU
		{CDD463D7-E57D-4EEB-BCBE-8569F1A724E3}.Release|Any CPU.Build.0 = Release|Any CPU
		{CDD463D7-E57D-4EEB-BCBE-8569F1A724E3}.Release|x64.ActiveCfg = Release|Any CPU
		{CDD463D7-E57D-4EEB-BCBE-8569F1A724E3}.Release|x64.Build.0 = Release|Any CPU
		{CDD463D7-E57D-4EEB-BCBE-8569F1A724E3}.Release|x86.ActiveCfg = Release|Any CPU
		{CDD463D7-E57D-4EEB-BCBE-8569F1A724E3}.Release|x86.Build.0 = Release|Any CPU
		{6579027C-1DC0-4782-99F2-2BCEBEBD2643}.Debug|Any CPU.ActiveCfg = Debug|Win32
		{6579027C-1DC0-4782-99F2-2BCEBEBD2643}.Debug|Any CPU.Build.0 = Debug|Win32
		{6579027C-1DC0-4782-99F2-2BCEBEBD2643}.Debug|x64.ActiveCfg = Debug|x64
		{6579027C-1DC0-4782-99F2-2BCEBEBD2643}.Debug|x64.Build.0 = Debug|x64
		{6579027C-1DC0-4782-99F2-2BCEBEBD2643}.Debug|x86.ActiveCfg = Debug|Win32
		{6579027C-1DC0-4782-99F2-2BCEBEBD2643}.Debug|x86.Build.0 = Debug|Win32
		{6579027C-1DC0-4782-99F2-2BCEBEBD2643}.Release|Any CPU.ActiveCfg = Release|Win32
		{6579027C-1DC0-4782-99F2-2BCEBEBD2643}.Release|Any CPU.Build.0 = Release|Win32
		{6579027C-1DC0-4782-99F2-2BCEBEBD2643}.Release|x64.ActiveCfg = Release|x64
		{6579027C-1DC0-4782-99F2-2BCEBEBD2643}.Release|x64.Build.0 = Release|x64
		{6579027C-1DC0-4782-99F2-2BCEBEBD2643}.Release|x86.ActiveCfg = Release|Win32
		{6579027C-1DC0-4782-99F2-2BCEBEBD2643}.Release|x86.Build.0 = Release|Win32
		{DB3FD8A4-74EC-4711-8096-60DFD85CC92A}.Debug|Any CPU.ActiveCfg = Debug|Win32
		{DB3FD8A4-74EC-4711-8096-60DFD85CC92A}.Debug|Any CPU.Build.0 = Debug|Win32
		{DB3FD8A4-74EC-4711-8096-60DFD85CC92A}.Debug|x64.ActiveCfg = Debug|x64
		{DB3FD8A4-74EC-4711-8096-60DFD85CC92A}.Debug|x64.Build.0 = Debug|x64
		{DB3FD8A4-74EC-4711-8096-60DFD85CC92A}.Debug|x86.ActiveCfg = Debug|Win32
		{DB3FD8A4-74EC-4711-8096-60DFD85CC92A}.Debug|x86.Build.0 = Debug|Win32
		{DB3FD8A4-74EC-4711-8096-60DFD85CC92A}.Release|Any CPU.ActiveCfg = Release|Win32
		{DB3FD8A4-74EC-4711-8096-60DFD85CC92A}.Release|Any CPU.Build.0 = Release|Win32
		{DB3FD8A4-74EC-4711-8096-60DFD85CC92A}.Release|x64.ActiveCfg = Release|x64
		{DB3FD8A4-74EC-4711-8096-60DFD85CC92A}.Release|x64.Build.0 = Release|x64
		{DB3FD8A4-74EC-4711-8096-60DFD85CC92A}.Release|x86.ActiveCfg = Release|Win32
		{DB3FD8A4-74EC-4711-8096-60DFD85CC92A}.Release|x86.Build.0 = Release|Win32
		{D9559CEF-E2E3-4828-B4BF-B5FB37FC2832}.Debug|Any CPU.ActiveCfg = Debug|Win32
		{D9559CEF-E2E3-4828-B4BF-B5FB37FC2832}.Debug|Any CPU.Build.0 = Debug|Win32
		{D9559CEF-E2E3-4828-B4BF-B5FB37FC2832}.Debug|x64.ActiveCfg = Debug|x64
		{D9559CEF-E2E3-4828-B4BF-B5FB37FC2832}.Debug|x64.Build.0 = Debug|x64
		{D9559CEF-E2E3-4828-B4BF-B5FB37FC2832}.Debug|x86.ActiveCfg = Debug|Win32
		{D9559CEF-E2E3-4828-B4BF-B5FB37FC2832}.Debug|x86.Build.0 = Debug|Win32
		{D9559CEF-E2E3-4828-B4BF-B5FB37FC2832}.Release|Any CPU.ActiveCfg = Release|Win32
		{D9559CEF-E2E3-4828-B4BF-B5FB37FC2832}.Release|Any CPU.Build.0 = Release|Win32
		{D9559CEF-E2E3-4828-B4BF-B5FB37FC2832}.Release|x64.ActiveCfg = Release|x64
		{D9559CEF-E2E3-4828-B4BF-B5FB37FC2832}.Release|x64.Build.0 = Release|x64
		{D9559CEF-E2E3-4828-B4BF-B5FB37FC2832}.Release|x86.ActiveCfg = Release|Win32
		{D9559CEF-E2E3-4828-B4BF-B5FB37FC2832}.Release|x86.Build.0 = Release|Win32
	EndGlobalSection
	GlobalSection(SolutionProperties) = preSolution
		HideSolutionNode = FALSE
	EndGlobalSection
EndGlobal
